{
  "lockfileVersion": 1,
  "configVersion": 1,
  "workspaces": {
    "": {
      "name": "gitclaw",
      "dependencies": {
        "@openrouter/agent": "^0.7.0",
        "zod": "^4.4.3",
      },
      "devDependencies": {
        "@types/node": "^22.10.1",
        "prettier": "3.9.6",
      },
    },
  },
  "packages": {
    "@openrouter/agent": ["@openrouter/agent@0.7.2", "", { "dependencies": { "@openrouter/sdk": "^0.13.7", "zod": "^4.0.0" } }, "sha512-G3Rp4iPKP7RQSJ+k7ea2+fDOJXUhsZNmiKoz8Ddlo7fY9KDdNiP4xKA0IA/9Y27FJjb2kagHvP9Dw2ycEwlzmA=="],

    "@openrouter/sdk": ["@openrouter/sdk@0.13.67", "", { "dependencies": { "zod": "^3.25.0 || ^4.0.0" } }, "sha512-kUVaFYA9Xehq67ndTk98i+tRLfYH/F6xSf/WuC8dsukBzcgBvYQydoeKw4Xe+peXG/wOVtDxukWt5SqzhbloKw=="],

    "@types/node": ["@types/node@22.20.1", "", { "dependencies": { "undici-types": "~6.21.0" } }, "sha512-EANqOCF9QFyra+4pfxUcX9STKJpCLjMbObVzljIJomAWSnuSIEAvyzEU53GaajbXJEgdh0iEcPL+DGvpUd4k1Q=="],

    "prettier": ["prettier@3.9.6", "", { "bin": { "prettier": "bin/prettier.cjs" } }, "sha512-OpN0zzVdiaiAhxpuuj5efpIS4sY9j7bY6uR5mnj5yPzGkdkjNKSJeUThPb60Jw29QuAZgA4o+/iB49kFiaBX6g=="],

    "undici-types": ["undici-types@6.21.0", "", {}, "sha512-iwDZqg0QAGrg9Rav5H4n0M64c3mkR59cJ6wQp+7C4nI0gsmExaedaYLNO44eT4AtBBwjbTiGPMlt2Md0T9H9JQ=="],

    "zod": ["zod@4.5.4", "", {}, "sha512-sC95tT5iHHH9gtpj6A81kh+NEaRAUFN+qlUPDUbRfOMvNf5QCBqsb3WgvnpVtK5Y+4UfA6KqufotuTvMGiTlsA=="],
  }
}
